
Microsoft Visual Studio Solution File, Format Version 12.00
Project("{FAE04EC0-301F-11D3-BF4B-00C04F79EFBC}") = "App", "App\App.csproj", "{A0573235-2589-4003-98CD-D686CEE6ACB7}"
EndProject
Project("{FAE04EC0-301F-11D3-BF4B-00C04F79EFBC}") = "Shapes", "Shapes\Shapes.csproj", "{C7F2B87E-F375-45D1-A4B0-5F2BFDC099DD}"
EndProject
Project("{FAE04EC0-301F-11D3-BF4B-00C04F79EFBC}") = "Shapes.Tests", "Shapes.Tests\Shapes.Tests.csproj", "{6F4BEFC7-552E-4C92-8DC9-16B3D7440A8A}"
EndProject
Project("{FAE04EC0-301F-11D3-BF4B-00C04F79EFBC}") = "Api", "Api\Api.csproj", "{81C1D655-277C-4A03-BD2C-5217DCF1718C}"
EndProject
Global
	GlobalSection(SolutionConfigurationPlatforms) = preSolution
		Debug|Any CPU = Debug|Any CPU
		Release|Any CPU = Release|Any CPU
	EndGlobalSection
	GlobalSection(ProjectConfigurationPlatforms) = postSolution
		{A0573235-2589-4003-98CD-D686CEE6ACB7}.Debug|Any CPU.ActiveCfg = Debug|Any CPU
		{A0573235-2589-4003-98CD-D686CEE6ACB7}.Debug|Any CPU.Build.0 = Debug|Any CPU
		{A0573235-2589-4003-98CD-D686CEE6ACB7}.Release|Any CPU.ActiveCfg = Release|Any CPU
		{A0573235-2589-4003-98CD-D686CEE6ACB7}.Release|Any CPU.Build.0 = Release|Any CPU
		{C7F2B87E-F375-45D1-A4B0-5F2BFDC099DD}.Debug|Any CPU.ActiveCfg = Debug|Any CPU
		{C7F2B87E-F375-45D1-A4B0-5F2BFDC099DD}.Debug|Any CPU.Build.0 = Debug|Any CPU
		{C7F2B87E-F375-45D1-A4B0-5F2BFDC099DD}.Release|Any CPU.ActiveCfg = Release|Any CPU
		{C7F2B87E-F375-45D1-A4B0-5F2BFDC099DD}.Release|Any CPU.Build.0 = Release|Any CPU
		{6F4BEFC7-552E-4C92-8DC9-16B3D7440A8A}.Debug|Any CPU.ActiveCfg = Debug|Any CPU
		{6F4BEFC7-552E-4C92-8DC9-16B3D7440A8A}.Debug|Any CPU.Build.0 = Debug|Any CPU
		{6F4BEFC7-552E-4C92-8DC9-16B3D7440A8A}.Release|Any CPU.ActiveCfg = Release|Any CPU
		{6F4BEFC7-552E-4C92-8DC9-16B3D7440A8A}.Release|Any CPU.Build.0 = Release|Any CPU
		{81C1D655-277C-4A03-BD2C-5217DCF1718C}.Debug|Any CPU.ActiveCfg = Debug|Any CPU
		{81C1D655-277C-4A03-BD2C-5217DCF1718C}.Debug|Any CPU.Build.0 = Debug|Any CPU
		{81C1D655-277C-4A03-BD2C-5217DCF1718C}.Release|Any CPU.ActiveCfg = Release|Any CPU
		{81C1D655-277C-4A03-BD2C-5217DCF1718C}.Release|Any CPU.Build.0 = Release|Any CPU
	EndGlobalSection
EndGlobal
